
Microsoft Visual Studio Solution File, Format Version 12.00
# Visual Studio Version 17
VisualStudioVersion = 17.5.33414.496
MinimumVisualStudioVersion = 10.0.40219.1
Project("{FAE04EC0-301F-11D3-BF4B-00C04F79EFBC}") = "ConsoleApp1", "ConsoleApp1.csproj", "{CFB43273-2BF0-49B6-B7B1-1511AB7F7CFB}"
EndProject
Global
	GlobalSection(SolutionConfigurationPlatforms) = preSolution
		Debug|Any CPU = Debug|Any CPU
		Release|Any CPU = Release|Any CPU
	EndGlobalSection
	GlobalSection(ProjectConfigurationPlatforms) = postSolution
		{CFB43273-2BF0-49B6-B7B1-1511AB7F7CFB}.Debug|Any CPU.ActiveCfg = Debug|Any CPU
		{CFB43273-2BF0-49B6-B7B1-1511AB7F7CFB}.Debug|Any CPU.Build.0 = Debug|Any CPU
		{CFB43273-2BF0-49B6-B7B1-1511AB7F7CFB}.Release|Any CPU.ActiveCfg = Release|Any CPU
		{CFB43273-2BF0-49B6-B7B1-1511AB7F7CFB}.Release|Any CPU.Build.0 = Release|Any CPU
	EndGlobalSection
	GlobalSection(SolutionProperties) = preSolution
		HideSolutionNode = FALSE
	EndGlobalSection
	GlobalSection(ExtensibilityGlobals) = postSolution
		SolutionGuid = {7D4BE0D2-19C9-456B-B194-30FC16D08098}
	EndGlobalSection
EndGlobal
