
Microsoft Visual Studio Solution File, Format Version 12.00
# Visual Studio Version 17
VisualStudioVersion = 17.5.33414.496
MinimumVisualStudioVersion = 10.0.40219.1
Project("{FAE04EC0-301F-11D3-BF4B-00C04F79EFBC}") = "lab5", "lab5.csproj", "{EE9C6556-C310-48BF-B81D-B67C37DBC499}"
EndProject
Global
	GlobalSection(SolutionConfigurationPlatforms) = preSolution
		Debug|Any CPU = Debug|Any CPU
		Release|Any CPU = Release|Any CPU
	EndGlobalSection
	GlobalSection(ProjectConfigurationPlatforms) = postSolution
		{EE9C6556-C310-48BF-B81D-B67C37DBC499}.Debug|Any CPU.ActiveCfg = Debug|Any CPU
		{EE9C6556-C310-48BF-B81D-B67C37DBC499}.Debug|Any CPU.Build.0 = Debug|Any CPU
		{EE9C6556-C310-48BF-B81D-B67C37DBC499}.Release|Any CPU.ActiveCfg = Release|Any CPU
		{EE9C6556-C310-48BF-B81D-B67C37DBC499}.Release|Any CPU.Build.0 = Release|Any CPU
	EndGlobalSection
	GlobalSection(SolutionProperties) = preSolution
		HideSolutionNode = FALSE
	EndGlobalSection
	GlobalSection(ExtensibilityGlobals) = postSolution
		SolutionGuid = {26313319-D1E1-4229-B0C5-E58520FA71C0}
	EndGlobalSection
EndGlobal
